
Microsoft Visual Studio Solution File, Format Version 12.00
# Visual Studio Version 17
VisualStudioVersion = 17.10.34928.147
MinimumVisualStudioVersion = 10.0.40219.1
Project("{FAE04EC0-301F-11D3-BF4B-00C04F79EFBC}") = "Enunciado 1", "Enunciado 1.csproj", "{BA216AE0-C15D-47C5-81F2-54793B1D5238}"
EndProject
Global
	GlobalSection(SolutionConfigurationPlatforms) = preSolution
		Debug|Any CPU = Debug|Any CPU
		Release|Any CPU = Release|Any CPU
	EndGlobalSection
	GlobalSection(ProjectConfigurationPlatforms) = postSolution
		{BA216AE0-C15D-47C5-81F2-54793B1D5238}.Debug|Any CPU.ActiveCfg = Debug|Any CPU
		{BA216AE0-C15D-47C5-81F2-54793B1D5238}.Debug|Any CPU.Build.0 = Debug|Any CPU
		{BA216AE0-C15D-47C5-81F2-54793B1D5238}.Release|Any CPU.ActiveCfg = Release|Any CPU
		{BA216AE0-C15D-47C5-81F2-54793B1D5238}.Release|Any CPU.Build.0 = Release|Any CPU
	EndGlobalSection
	GlobalSection(SolutionProperties) = preSolution
		HideSolutionNode = FALSE
	EndGlobalSection
	GlobalSection(ExtensibilityGlobals) = postSolution
		SolutionGuid = {3C913B38-52FC-4738-B088-62F9907B8A13}
	EndGlobalSection
EndGlobal
